
Microsoft Visual Studio Solution File, Format Version 12.00
# Visual Studio 15
VisualStudioVersion = 15.0.26730.0
MinimumVisualStudioVersion = 10.0.40219.1
Project("{9A19103F-16F7-4668-BE54-9A1E7A4F7556}") = "bidsquid-web", "src\bidsquid-web\bidsquid-web.csproj", "{07CB8459-D6DF-41E8-AE44-A8920C82FCD8}"
EndProject
Project("{E53339B2-1760-4266-BCC7-CA923CBCF16C}") = "docker-compose", "src\docker-compose.dcproj", "{BF8776C7-AAFF-4FE2-92D7-36C4DCF3711A}"
	ProjectSection(ProjectDependencies) = postProject
		{07CB8459-D6DF-41E8-AE44-A8920C82FCD8} = {07CB8459-D6DF-41E8-AE44-A8920C82FCD8}
	EndProjectSection
EndProject
Global
	GlobalSection(SolutionConfigurationPlatforms) = preSolution
		Debug|Any CPU = Debug|Any CPU
		Release|Any CPU = Release|Any CPU
	EndGlobalSection
	GlobalSection(ProjectConfigurationPlatforms) = postSolution
		{07CB8459-D6DF-41E8-AE44-A8920C82FCD8}.Debug|Any CPU.ActiveCfg = Debug|Any CPU
		{07CB8459-D6DF-41E8-AE44-A8920C82FCD8}.Debug|Any CPU.Build.0 = Debug|Any CPU
		{07CB8459-D6DF-41E8-AE44-A8920C82FCD8}.Release|Any CPU.ActiveCfg = Release|Any CPU
		{07CB8459-D6DF-41E8-AE44-A8920C82FCD8}.Release|Any CPU.Build.0 = Release|Any CPU
		{BF8776C7-AAFF-4FE2-92D7-36C4DCF3711A}.Debug|Any CPU.ActiveCfg = Debug|Any CPU
		{BF8776C7-AAFF-4FE2-92D7-36C4DCF3711A}.Debug|Any CPU.Build.0 = Debug|Any CPU
		{BF8776C7-AAFF-4FE2-92D7-36C4DCF3711A}.Release|Any CPU.ActiveCfg = Release|Any CPU
		{BF8776C7-AAFF-4FE2-92D7-36C4DCF3711A}.Release|Any CPU.Build.0 = Release|Any CPU
	EndGlobalSection
	GlobalSection(SolutionProperties) = preSolution
		HideSolutionNode = FALSE
	EndGlobalSection
	GlobalSection(ExtensibilityGlobals) = postSolution
		SolutionGuid = {24DFEA1E-4A99-4DB5-896A-2FE915C53B9F}
	EndGlobalSection
EndGlobal
